{
  "nodes": {
    "emacs-overlay": {
      "inputs": {
        "flake-utils": "flake-utils",
        "nixpkgs": "nixpkgs"
      },
      "locked": {
        "lastModified": 1657857882,
        "narHash": "sha256-qYoI9xPBy7nDM9I61OC2yt5Qt1cvrhJ+cRLyOtfCTiE=",
        "owner": "nix-community",
        "repo": "emacs-overlay",
        "rev": "a2f9d8baec7afbbb35f4f4c5e7bb4f6f24d8ea1b",
        "type": "github"
      },
      "original": {
        "owner": "nix-community",
        "repo": "emacs-overlay",
        "type": "github"
      }
    },
    "flake-utils": {
      "locked": {
        "lastModified": 1656928814,
        "narHash": "sha256-RIFfgBuKz6Hp89yRr7+NR5tzIAbn52h8vT6vXkYjZoM=",
        "owner": "numtide",
        "repo": "flake-utils",
        "rev": "7e2a3b3dfd9af950a856d66b0a7d01e3c18aa249",
        "type": "github"
      },
      "original": {
        "owner": "numtide",
        "repo": "flake-utils",
        "type": "github"
      }
    },
    "home-manager": {
      "inputs": {
        "nixpkgs": [
          "nixpkgs"
        ],
        "utils": "utils"
      },
      "locked": {
        "lastModified": 1657719085,
        "narHash": "sha256-nQt3MEBwKuKlmFKSRhdoh60AGlc+YlspV5e8kO/3y8U=",
        "owner": "nix-community",
        "repo": "home-manager",
        "rev": "2c94b9801f1a11cde0fc97aa850687bb9137d42c",
        "type": "github"
      },
      "original": {
        "owner": "nix-community",
        "ref": "master",
        "repo": "home-manager",
        "type": "github"
      }
    },
    "kmonad": {
      "inputs": {
        "nixpkgs": [
          "nixpkgs"
        ]
      },
      "locked": {
        "dir": "nix",
        "lastModified": 1656914615,
        "narHash": "sha256-XrBCppEVnzh+RH2fz4+k/kqmUP3AEn8PP+IfF05CS14=",
        "owner": "kmonad",
        "repo": "kmonad",
        "rev": "ac3c0db4f7fca0f66980d1b76a64630a66a36c21",
        "type": "github"
      },
      "original": {
        "dir": "nix",
        "owner": "kmonad",
        "repo": "kmonad",
        "type": "github"
      }
    },
    "nixGL": {
      "flake": false,
      "locked": {
        "lastModified": 1656321324,
        "narHash": "sha256-Sz0uWspqvshGFbT+XmRVVayuW514rNNLLvrre8jBLLU=",
        "owner": "guibou",
        "repo": "nixGL",
        "rev": "047a34b2f087e2e3f93d43df8e67ada40bf70e5c",
        "type": "github"
      },
      "original": {
        "owner": "guibou",
        "repo": "nixGL",
        "type": "github"
      }
    },
    "nixpkgs": {
      "locked": {
        "lastModified": 0,
        "narHash": "sha256-nFAMETXEhIrqnBe28u6vqy4ixSRr0BRrlZLlS0e7eoM=",
        "path": "/nix/store/brix2rfkgl7wwyhsw8zl8cbqsj4a3yw7-source",
        "type": "path"
      },
      "original": {
        "id": "nixpkgs",
        "type": "indirect"
      }
    },
    "nixpkgs-master": {
      "locked": {
        "lastModified": 1657849727,
        "narHash": "sha256-68J4eSwzr98r7VCzgrX/WWaQzkY7gdKqH2uSyQheYj0=",
        "owner": "nixos",
        "repo": "nixpkgs",
        "rev": "0b683abff06fe55755ea992ba47f2e787081a30f",
        "type": "github"
      },
      "original": {
        "owner": "nixos",
        "ref": "master",
        "repo": "nixpkgs",
        "type": "github"
      }
    },
    "nixpkgs_2": {
      "locked": {
        "lastModified": 1657800465,
        "narHash": "sha256-KfptECgyFFKouyYtmBjqOCh9N8pUt/noSW93ov0Xnv0=",
        "owner": "NixOS",
        "repo": "nixpkgs",
        "rev": "4bc1c1bd2f5b1101443fe775bb737a812fc8b925",
        "type": "github"
      },
      "original": {
        "id": "nixpkgs",
        "ref": "nixpkgs-unstable",
        "type": "indirect"
      }
    },
    "pr67576": {
      "locked": {
        "lastModified": 1656530260,
        "narHash": "sha256-IhpUUpKJrCLhCFHp94HwKv1JxrI03oQatf/hosiLklw=",
        "owner": "nixos",
        "repo": "nixpkgs",
        "rev": "ca66c0d0ae0a067689001d92753267536bc8e132",
        "type": "github"
      },
      "original": {
        "owner": "nixos",
        "repo": "nixpkgs",
        "rev": "ca66c0d0ae0a067689001d92753267536bc8e132",
        "type": "github"
      }
    },
    "root": {
      "inputs": {
        "emacs-overlay": "emacs-overlay",
        "home-manager": "home-manager",
        "kmonad": "kmonad",
        "nixGL": "nixGL",
        "nixpkgs": "nixpkgs_2",
        "nixpkgs-master": "nixpkgs-master",
        "pr67576": "pr67576"
      }
    },
    "utils": {
      "locked": {
        "lastModified": 1653893745,
        "narHash": "sha256-0jntwV3Z8//YwuOjzhV2sgJJPt+HY6KhU7VZUL0fKZQ=",
        "owner": "numtide",
        "repo": "flake-utils",
        "rev": "1ed9fb1935d260de5fe1c2f7ee0ebaae17ed2fa1",
        "type": "github"
      },
      "original": {
        "owner": "numtide",
        "repo": "flake-utils",
        "type": "github"
      }
    }
  },
  "root": "root",
  "version": 7
}
