{
  "nodes": {
    "emacs-overlay": {
      "locked": {
        "lastModified": 1640834398,
        "narHash": "sha256-ZeydQdZNachSCO1Jq56qlz5zb/bwi+4dVQRHU2/tzbQ=",
        "owner": "nix-community",
        "repo": "emacs-overlay",
        "rev": "8fbdbd2f0d3b05ebeeba8441a5785abc6bb37ab2",
        "type": "github"
      },
      "original": {
        "owner": "nix-community",
        "repo": "emacs-overlay",
        "type": "github"
      }
    },
    "home-manager": {
      "inputs": {
        "nixpkgs": [
          "nixpkgs"
        ]
      },
      "locked": {
        "lastModified": 1640770690,
        "narHash": "sha256-Rl2cD8yspug7sPRXXJkVvmjLFS8i9g04iNDzohMEuyg=",
        "owner": "nix-community",
        "repo": "home-manager",
        "rev": "2f40cd05dc0ffe3ba69a94e9e76e0357c5b9a0b8",
        "type": "github"
      },
      "original": {
        "owner": "nix-community",
        "ref": "master",
        "repo": "home-manager",
        "type": "github"
      }
    },
    "nixGL": {
      "flake": false,
      "locked": {
        "lastModified": 1633350348,
        "narHash": "sha256-rfA7lqV+cR3bQt4lT2F+6qrIzJSPloJaGVATR9u+5yY=",
        "owner": "guibou",
        "repo": "nixGL",
        "rev": "c4aa5aa15af5d75e2f614a70063a2d341e8e3461",
        "type": "github"
      },
      "original": {
        "owner": "guibou",
        "repo": "nixGL",
        "type": "github"
      }
    },
    "nixpkgs": {
      "locked": {
        "lastModified": 1640418986,
        "narHash": "sha256-a8GGtxn2iL3WAkY5H+4E0s3Q7XJt6bTOvos9qqxT5OQ=",
        "owner": "NixOS",
        "repo": "nixpkgs",
        "rev": "5c37ad87222cfc1ec36d6cd1364514a9efc2f7f2",
        "type": "github"
      },
      "original": {
        "id": "nixpkgs",
        "ref": "nixpkgs-unstable",
        "type": "indirect"
      }
    },
    "nixpkgs-master": {
      "locked": {
        "lastModified": 1640843460,
        "narHash": "sha256-sk/cdYu0Fps9K2cnPdwnv1UlRxuJq2OQJznRZiW6hh0=",
        "owner": "nixos",
        "repo": "nixpkgs",
        "rev": "b88fab1bfe71efdd251625fa528bb286ad937f3d",
        "type": "github"
      },
      "original": {
        "owner": "nixos",
        "ref": "master",
        "repo": "nixpkgs",
        "type": "github"
      }
    },
    "root": {
      "inputs": {
        "emacs-overlay": "emacs-overlay",
        "home-manager": "home-manager",
        "nixGL": "nixGL",
        "nixpkgs": "nixpkgs",
        "nixpkgs-master": "nixpkgs-master"
      }
    }
  },
  "root": "root",
  "version": 7
}
