{
  "nodes": {
    "emacs-overlay": {
      "inputs": {
        "flake-utils": "flake-utils",
        "nixpkgs": [
          "nixpkgs"
        ]
      },
      "locked": {
        "lastModified": 1658946476,
        "narHash": "sha256-6yhZPvjfLDbWLpWuyQbAFimJb7rmyZhxVkieeZQCWVE=",
        "owner": "nix-community",
        "repo": "emacs-overlay",
        "rev": "ccaa74f90962196b00a6acaa2c2fb206cf0983a5",
        "type": "github"
      },
      "original": {
        "owner": "nix-community",
        "repo": "emacs-overlay",
        "type": "github"
      }
    },
    "flake-utils": {
      "locked": {
        "lastModified": 1656928814,
        "narHash": "sha256-RIFfgBuKz6Hp89yRr7+NR5tzIAbn52h8vT6vXkYjZoM=",
        "owner": "numtide",
        "repo": "flake-utils",
        "rev": "7e2a3b3dfd9af950a856d66b0a7d01e3c18aa249",
        "type": "github"
      },
      "original": {
        "owner": "numtide",
        "repo": "flake-utils",
        "type": "github"
      }
    },
    "home-manager": {
      "inputs": {
        "nixpkgs": [
          "nixpkgs"
        ],
        "utils": "utils"
      },
      "locked": {
        "lastModified": 1658924727,
        "narHash": "sha256-Fhh9FK9CvuCLxG1WkWJPoendDeXKI4gHYTfezo1n2Zg=",
        "owner": "nix-community",
        "repo": "home-manager",
        "rev": "0e2f7876d2f2ae98a67d89a8bef8c49332aae5af",
        "type": "github"
      },
      "original": {
        "owner": "nix-community",
        "ref": "master",
        "repo": "home-manager",
        "type": "github"
      }
    },
    "kmonad": {
      "inputs": {
        "nixpkgs": [
          "nixpkgs"
        ]
      },
      "locked": {
        "dir": "nix",
        "lastModified": 1657871515,
        "narHash": "sha256-+mxd8hpxt7aWtJlhHn6HUNj9CWlvRQrHdFvrZMWU+WY=",
        "owner": "kmonad",
        "repo": "kmonad",
        "rev": "95bb58b7347ebacb4654fb21c798e1cd10331b0d",
        "type": "github"
      },
      "original": {
        "dir": "nix",
        "owner": "kmonad",
        "repo": "kmonad",
        "type": "github"
      }
    },
    "nixGL": {
      "flake": false,
      "locked": {
        "lastModified": 1656321324,
        "narHash": "sha256-Sz0uWspqvshGFbT+XmRVVayuW514rNNLLvrre8jBLLU=",
        "owner": "guibou",
        "repo": "nixGL",
        "rev": "047a34b2f087e2e3f93d43df8e67ada40bf70e5c",
        "type": "github"
      },
      "original": {
        "owner": "guibou",
        "repo": "nixGL",
        "type": "github"
      }
    },
    "nixpkgs": {
      "locked": {
        "lastModified": 1658826464,
        "narHash": "sha256-94ZTF0uIX/iZdiD4RJ5f933ak/OM4XLl7hF+gCa4Iuk=",
        "owner": "NixOS",
        "repo": "nixpkgs",
        "rev": "ce49cb7792a7ffd65ef352dda1110a4e4a204eac",
        "type": "github"
      },
      "original": {
        "id": "nixpkgs",
        "ref": "nixos-unstable",
        "type": "indirect"
      }
    },
    "nixpkgs-master": {
      "locked": {
        "lastModified": 1658949095,
        "narHash": "sha256-cUU40uatI57r5C61TunYQjRf53YHXb3TTk2qISo5LEE=",
        "owner": "nixos",
        "repo": "nixpkgs",
        "rev": "5bd14b3cfe2f87a2e2b074645aba39c69563e4bc",
        "type": "github"
      },
      "original": {
        "owner": "nixos",
        "ref": "master",
        "repo": "nixpkgs",
        "type": "github"
      }
    },
    "pr67576": {
      "locked": {
        "lastModified": 1656530260,
        "narHash": "sha256-IhpUUpKJrCLhCFHp94HwKv1JxrI03oQatf/hosiLklw=",
        "owner": "nixos",
        "repo": "nixpkgs",
        "rev": "ca66c0d0ae0a067689001d92753267536bc8e132",
        "type": "github"
      },
      "original": {
        "owner": "nixos",
        "repo": "nixpkgs",
        "rev": "ca66c0d0ae0a067689001d92753267536bc8e132",
        "type": "github"
      }
    },
    "root": {
      "inputs": {
        "emacs-overlay": "emacs-overlay",
        "home-manager": "home-manager",
        "kmonad": "kmonad",
        "nixGL": "nixGL",
        "nixpkgs": "nixpkgs",
        "nixpkgs-master": "nixpkgs-master",
        "pr67576": "pr67576"
      }
    },
    "utils": {
      "locked": {
        "lastModified": 1653893745,
        "narHash": "sha256-0jntwV3Z8//YwuOjzhV2sgJJPt+HY6KhU7VZUL0fKZQ=",
        "owner": "numtide",
        "repo": "flake-utils",
        "rev": "1ed9fb1935d260de5fe1c2f7ee0ebaae17ed2fa1",
        "type": "github"
      },
      "original": {
        "owner": "numtide",
        "repo": "flake-utils",
        "type": "github"
      }
    }
  },
  "root": "root",
  "version": 7
}
